// !$*UTF8*$!
{
	archiveVersion = 1;
	classes = {
	};
	objectVersion = 55;
	objects = {

/* Begin PBXBuildFile section */
		AE9808A4285B0F06005411C7 /* AppDelegate.swift in Sources */ = {isa = PBXBuildFile; fileRef = AE9808A3285B0F06005411C7 /* AppDelegate.swift */; };
		AE9808A6285B0F06005411C7 /* SceneDelegate.swift in Sources */ = {isa = PBXBuildFile; fileRef = AE9808A5285B0F06005411C7 /* SceneDelegate.swift */; };
		AE9808A8285B0F06005411C7 /* ViewController1.swift in Sources */ = {isa = PBXBuildFile; fileRef = AE9808A7285B0F06005411C7 /* ViewController1.swift */; };
		AE9808AB285B0F06005411C7 /* Main.storyboard in Resources */ = {isa = PBXBuildFile; fileRef = AE9808A9285B0F06005411C7 /* Main.storyboard */; };
		AE9808AD285B0F0A005411C7 /* Assets.xcassets in Resources */ = {isa = PBXBuildFile; fileRef = AE9808AC285B0F0A005411C7 /* Assets.xcassets */; };
		AE9808B0285B0F0A005411C7 /* LaunchScreen.storyboard in Resources */ = {isa = PBXBuildFile; fileRef = AE9808AE285B0F0A005411C7 /* LaunchScreen.storyboard */; };
		AE9808BB285B0F0B005411C7 /* ForwardPlusTests.swift in Sources */ = {isa = PBXBuildFile; fileRef = AE9808BA285B0F0B005411C7 /* ForwardPlusTests.swift */; };
		AE9808C5285B0F0B005411C7 /* ForwardPlusUITests.swift in Sources */ = {isa = PBXBuildFile; fileRef = AE9808C4285B0F0B005411C7 /* ForwardPlusUITests.swift */; };
		AE9808C7285B0F0B005411C7 /* ForwardPlusUITestsLaunchTests.swift in Sources */ = {isa = PBXBuildFile; fileRef = AE9808C6285B0F0B005411C7 /* ForwardPlusUITestsLaunchTests.swift */; };
		AE9808D4285B13B9005411C7 /* RootViewController.swift in Sources */ = {isa = PBXBuildFile; fileRef = AE9808D3285B13B9005411C7 /* RootViewController.swift */; };
		AE9808D7285B153B005411C7 /* CategoryCell.swift in Sources */ = {isa = PBXBuildFile; fileRef = AE9808D6285B153B005411C7 /* CategoryCell.swift */; };
		AE9808D9285B155C005411C7 /* CategoryCell.xib in Resources */ = {isa = PBXBuildFile; fileRef = AE9808D8285B155C005411C7 /* CategoryCell.xib */; };
		AE9808E0285B17A3005411C7 /* CategoryView.swift in Sources */ = {isa = PBXBuildFile; fileRef = AE9808DF285B17A3005411C7 /* CategoryView.swift */; };
		AE9808E9285B1825005411C7 /* TabPageObserver.swift in Sources */ = {isa = PBXBuildFile; fileRef = AE9808E4285B1824005411C7 /* TabPageObserver.swift */; };
		AE9808EA285B1825005411C7 /* PageModel.swift in Sources */ = {isa = PBXBuildFile; fileRef = AE9808E5285B1825005411C7 /* PageModel.swift */; };
		AE9808EB285B1825005411C7 /* Filtering.swift in Sources */ = {isa = PBXBuildFile; fileRef = AE9808E6285B1825005411C7 /* Filtering.swift */; };
		AE9808EC285B1825005411C7 /* String+.swift in Sources */ = {isa = PBXBuildFile; fileRef = AE9808E7285B1825005411C7 /* String+.swift */; };
		AE9808ED285B1825005411C7 /* Emurate.swift in Sources */ = {isa = PBXBuildFile; fileRef = AE9808E8285B1825005411C7 /* Emurate.swift */; };
		AE9808EF285B186A005411C7 /* PageViewController.swift in Sources */ = {isa = PBXBuildFile; fileRef = AE9808EE285B186A005411C7 /* PageViewController.swift */; };
		AE9808F2285B1885005411C7 /* TabPageViewController.swift in Sources */ = {isa = PBXBuildFile; fileRef = AE9808F0285B1885005411C7 /* TabPageViewController.swift */; };
		AE9808F4285B2200005411C7 /* ViewController2.swift in Sources */ = {isa = PBXBuildFile; fileRef = AE9808F3285B2200005411C7 /* ViewController2.swift */; };
		AE9808F6285B2213005411C7 /* ViewController3.swift in Sources */ = {isa = PBXBuildFile; fileRef = AE9808F5285B2213005411C7 /* ViewController3.swift */; };
		B744DFDF9DEBA284D4B8DC99 /* Pods_ForwardPlus_ForwardPlusUITests.framework in Frameworks */ = {isa = PBXBuildFile; fileRef = F15B949AE91D5178DDF119F1 /* Pods_ForwardPlus_ForwardPlusUITests.framework */; };
		BB85024A5F79DAFCC9ADF593 /* Pods_ForwardPlus.framework in Frameworks */ = {isa = PBXBuildFile; fileRef = 640660EFB6A3B0D1472F9418 /* Pods_ForwardPlus.framework */; };
		CAC4D6DFDCC9E97D29BF4879 /* Pods_ForwardPlusTests.framework in Frameworks */ = {isa = PBXBuildFile; fileRef = 4F8E0ABF88B10058F76BEBA5 /* Pods_ForwardPlusTests.framework */; };
/* End PBXBuildFile section */

/* Begin PBXContainerItemProxy section */
		AE9808B7285B0F0B005411C7 /* PBXContainerItemProxy */ = {
			isa = PBXContainerItemProxy;
			containerPortal = AE980898285B0F06005411C7 /* Project object */;
			proxyType = 1;
			remoteGlobalIDString = AE98089F285B0F06005411C7;
			remoteInfo = ForwardPlus;
		};
		AE9808C1285B0F0B005411C7 /* PBXContainerItemProxy */ = {
			isa = PBXContainerItemProxy;
			containerPortal = AE980898285B0F06005411C7 /* Project object */;
			proxyType = 1;
			remoteGlobalIDString = AE98089F285B0F06005411C7;
			remoteInfo = ForwardPlus;
		};
/* End PBXContainerItemProxy section */

/* Begin PBXFileReference section */
		076E74BB7D6040962DE64428 /* Pods-ForwardPlus.debug.xcconfig */ = {isa = PBXFileReference; includeInIndex = 1; lastKnownFileType = text.xcconfig; name = "Pods-ForwardPlus.debug.xcconfig"; path = "Target Support Files/Pods-ForwardPlus/Pods-ForwardPlus.debug.xcconfig"; sourceTree = "<group>"; };
		1A33763F13FAD5220EF6D20C /* Pods-ForwardPlus.release.xcconfig */ = {isa = PBXFileReference; includeInIndex = 1; lastKnownFileType = text.xcconfig; name = "Pods-ForwardPlus.release.xcconfig"; path = "Target Support Files/Pods-ForwardPlus/Pods-ForwardPlus.release.xcconfig"; sourceTree = "<group>"; };
		40F94058CE09E23CDB0F2A69 /* Pods-ForwardPlusTests.release.xcconfig */ = {isa = PBXFileReference; includeInIndex = 1; lastKnownFileType = text.xcconfig; name = "Pods-ForwardPlusTests.release.xcconfig"; path = "Target Support Files/Pods-ForwardPlusTests/Pods-ForwardPlusTests.release.xcconfig"; sourceTree = "<group>"; };
		487A9548D38EC76141A4AD1B /* Pods-ForwardPlus-ForwardPlusUITests.release.xcconfig */ = {isa = PBXFileReference; includeInIndex = 1; lastKnownFileType = text.xcconfig; name = "Pods-ForwardPlus-ForwardPlusUITests.release.xcconfig"; path = "Target Support Files/Pods-ForwardPlus-ForwardPlusUITests/Pods-ForwardPlus-ForwardPlusUITests.release.xcconfig"; sourceTree = "<group>"; };
		4F8E0ABF88B10058F76BEBA5 /* Pods_ForwardPlusTests.framework */ = {isa = PBXFileReference; explicitFileType = wrapper.framework; includeInIndex = 0; path = Pods_ForwardPlusTests.framework; sourceTree = BUILT_PRODUCTS_DIR; };
		640660EFB6A3B0D1472F9418 /* Pods_ForwardPlus.framework */ = {isa = PBXFileReference; explicitFileType = wrapper.framework; includeInIndex = 0; path = Pods_ForwardPlus.framework; sourceTree = BUILT_PRODUCTS_DIR; };
		7800C0C9B28D6168E2849397 /* Pods-ForwardPlusTests.debug.xcconfig */ = {isa = PBXFileReference; includeInIndex = 1; lastKnownFileType = text.xcconfig; name = "Pods-ForwardPlusTests.debug.xcconfig"; path = "Target Support Files/Pods-ForwardPlusTests/Pods-ForwardPlusTests.debug.xcconfig"; sourceTree = "<group>"; };
		AE9808A0285B0F06005411C7 /* ForwardPlus.app */ = {isa = PBXFileReference; explicitFileType = wrapper.application; includeInIndex = 0; path = ForwardPlus.app; sourceTree = BUILT_PRODUCTS_DIR; };
		AE9808A3285B0F06005411C7 /* AppDelegate.swift */ = {isa = PBXFileReference; lastKnownFileType = sourcecode.swift; path = AppDelegate.swift; sourceTree = "<group>"; };
		AE9808A5285B0F06005411C7 /* SceneDelegate.swift */ = {isa = PBXFileReference; lastKnownFileType = sourcecode.swift; path = SceneDelegate.swift; sourceTree = "<group>"; };
		AE9808A7285B0F06005411C7 /* ViewController1.swift */ = {isa = PBXFileReference; lastKnownFileType = sourcecode.swift; path = ViewController1.swift; sourceTree = "<group>"; };
		AE9808AA285B0F06005411C7 /* Base */ = {isa = PBXFileReference; lastKnownFileType = file.storyboard; name = Base; path = Base.lproj/Main.storyboard; sourceTree = "<group>"; };
		AE9808AC285B0F0A005411C7 /* Assets.xcassets */ = {isa = PBXFileReference; lastKnownFileType = folder.assetcatalog; path = Assets.xcassets; sourceTree = "<group>"; };
		AE9808AF285B0F0A005411C7 /* Base */ = {isa = PBXFileReference; lastKnownFileType = file.storyboard; name = Base; path = Base.lproj/LaunchScreen.storyboard; sourceTree = "<group>"; };
		AE9808B1285B0F0A005411C7 /* Info.plist */ = {isa = PBXFileReference; lastKnownFileType = text.plist.xml; path = Info.plist; sourceTree = "<group>"; };
		AE9808B6285B0F0B005411C7 /* ForwardPlusTests.xctest */ = {isa = PBXFileReference; explicitFileType = wrapper.cfbundle; includeInIndex = 0; path = ForwardPlusTests.xctest; sourceTree = BUILT_PRODUCTS_DIR; };
		AE9808BA285B0F0B005411C7 /* ForwardPlusTests.swift */ = {isa = PBXFileReference; lastKnownFileType = sourcecode.swift; path = ForwardPlusTests.swift; sourceTree = "<group>"; };
		AE9808C0285B0F0B005411C7 /* ForwardPlusUITests.xctest */ = {isa = PBXFileReference; explicitFileType = wrapper.cfbundle; includeInIndex = 0; path = ForwardPlusUITests.xctest; sourceTree = BUILT_PRODUCTS_DIR; };
		AE9808C4285B0F0B005411C7 /* ForwardPlusUITests.swift */ = {isa = PBXFileReference; lastKnownFileType = sourcecode.swift; path = ForwardPlusUITests.swift; sourceTree = "<group>"; };
		AE9808C6285B0F0B005411C7 /* ForwardPlusUITestsLaunchTests.swift */ = {isa = PBXFileReference; lastKnownFileType = sourcecode.swift; path = ForwardPlusUITestsLaunchTests.swift; sourceTree = "<group>"; };
		AE9808D3285B13B9005411C7 /* RootViewController.swift */ = {isa = PBXFileReference; lastKnownFileType = sourcecode.swift; path = RootViewController.swift; sourceTree = "<group>"; };
		AE9808D6285B153B005411C7 /* CategoryCell.swift */ = {isa = PBXFileReference; lastKnownFileType = sourcecode.swift; path = CategoryCell.swift; sourceTree = "<group>"; };
		AE9808D8285B155C005411C7 /* CategoryCell.xib */ = {isa = PBXFileReference; fileEncoding = 4; lastKnownFileType = file.xib; path = CategoryCell.xib; sourceTree = "<group>"; };
		AE9808DF285B17A3005411C7 /* CategoryView.swift */ = {isa = PBXFileReference; lastKnownFileType = sourcecode.swift; path = CategoryView.swift; sourceTree = "<group>"; };
		AE9808E4285B1824005411C7 /* TabPageObserver.swift */ = {isa = PBXFileReference; fileEncoding = 4; lastKnownFileType = sourcecode.swift; path = TabPageObserver.swift; sourceTree = "<group>"; };
		AE9808E5285B1825005411C7 /* PageModel.swift */ = {isa = PBXFileReference; fileEncoding = 4; lastKnownFileType = sourcecode.swift; path = PageModel.swift; sourceTree = "<group>"; };
		AE9808E6285B1825005411C7 /* Filtering.swift */ = {isa = PBXFileReference; fileEncoding = 4; lastKnownFileType = sourcecode.swift; path = Filtering.swift; sourceTree = "<group>"; };
		AE9808E7285B1825005411C7 /* String+.swift */ = {isa = PBXFileReference; fileEncoding = 4; lastKnownFileType = sourcecode.swift; path = "String+.swift"; sourceTree = "<group>"; };
		AE9808E8285B1825005411C7 /* Emurate.swift */ = {isa = PBXFileReference; fileEncoding = 4; lastKnownFileType = sourcecode.swift; path = Emurate.swift; sourceTree = "<group>"; };
		AE9808EE285B186A005411C7 /* PageViewController.swift */ = {isa = PBXFileReference; fileEncoding = 4; lastKnownFileType = sourcecode.swift; path = PageViewController.swift; sourceTree = "<group>"; };
		AE9808F0285B1885005411C7 /* TabPageViewController.swift */ = {isa = PBXFileReference; fileEncoding = 4; lastKnownFileType = sourcecode.swift; path = TabPageViewController.swift; sourceTree = "<group>"; };
		AE9808F1285B1885005411C7 /* TabPageScrollViewController.h */ = {isa = PBXFileReference; fileEncoding = 4; lastKnownFileType = sourcecode.c.h; path = TabPageScrollViewController.h; sourceTree = "<group>"; };
		AE9808F3285B2200005411C7 /* ViewController2.swift */ = {isa = PBXFileReference; lastKnownFileType = sourcecode.swift; path = ViewController2.swift; sourceTree = "<group>"; };
		AE9808F5285B2213005411C7 /* ViewController3.swift */ = {isa = PBXFileReference; lastKnownFileType = sourcecode.swift; path = ViewController3.swift; sourceTree = "<group>"; };
		F15B949AE91D5178DDF119F1 /* Pods_ForwardPlus_ForwardPlusUITests.framework */ = {isa = PBXFileReference; explicitFileType = wrapper.framework; includeInIndex = 0; path = Pods_ForwardPlus_ForwardPlusUITests.framework; sourceTree = BUILT_PRODUCTS_DIR; };
		FAF35CC1FADB4C0C39C45202 /* Pods-ForwardPlus-ForwardPlusUITests.debug.xcconfig */ = {isa = PBXFileReference; includeInIndex = 1; lastKnownFileType = text.xcconfig; name = "Pods-ForwardPlus-ForwardPlusUITests.debug.xcconfig"; path = "Target Support Files/Pods-ForwardPlus-ForwardPlusUITests/Pods-ForwardPlus-ForwardPlusUITests.debug.xcconfig"; sourceTree = "<group>"; };
/* End PBXFileReference section */

/* Begin PBXFrameworksBuildPhase section */
		AE98089D285B0F06005411C7 /* Frameworks */ = {
			isa = PBXFrameworksBuildPhase;
			buildActionMask = 2147483647;
			files = (
				BB85024A5F79DAFCC9ADF593 /* Pods_ForwardPlus.framework in Frameworks */,
			);
			runOnlyForDeploymentPostprocessing = 0;
		};
		AE9808B3285B0F0B005411C7 /* Frameworks */ = {
			isa = PBXFrameworksBuildPhase;
			buildActionMask = 2147483647;
			files = (
				CAC4D6DFDCC9E97D29BF4879 /* Pods_ForwardPlusTests.framework in Frameworks */,
			);
			runOnlyForDeploymentPostprocessing = 0;
		};
		AE9808BD285B0F0B005411C7 /* Frameworks */ = {
			isa = PBXFrameworksBuildPhase;
			buildActionMask = 2147483647;
			files = (
				B744DFDF9DEBA284D4B8DC99 /* Pods_ForwardPlus_ForwardPlusUITests.framework in Frameworks */,
			);
			runOnlyForDeploymentPostprocessing = 0;
		};
/* End PBXFrameworksBuildPhase section */

/* Begin PBXGroup section */
		0D1E225B092FC8C818729D79 /* Frameworks */ = {
			isa = PBXGroup;
			children = (
				640660EFB6A3B0D1472F9418 /* Pods_ForwardPlus.framework */,
				F15B949AE91D5178DDF119F1 /* Pods_ForwardPlus_ForwardPlusUITests.framework */,
				4F8E0ABF88B10058F76BEBA5 /* Pods_ForwardPlusTests.framework */,
			);
			name = Frameworks;
			sourceTree = "<group>";
		};
		16EE36FD8792384A96FA8618 /* Pods */ = {
			isa = PBXGroup;
			children = (
				076E74BB7D6040962DE64428 /* Pods-ForwardPlus.debug.xcconfig */,
				1A33763F13FAD5220EF6D20C /* Pods-ForwardPlus.release.xcconfig */,
				FAF35CC1FADB4C0C39C45202 /* Pods-ForwardPlus-ForwardPlusUITests.debug.xcconfig */,
				487A9548D38EC76141A4AD1B /* Pods-ForwardPlus-ForwardPlusUITests.release.xcconfig */,
				7800C0C9B28D6168E2849397 /* Pods-ForwardPlusTests.debug.xcconfig */,
				40F94058CE09E23CDB0F2A69 /* Pods-ForwardPlusTests.release.xcconfig */,
			);
			path = Pods;
			sourceTree = "<group>";
		};
		AE980897285B0F06005411C7 = {
			isa = PBXGroup;
			children = (
				AE9808A2285B0F06005411C7 /* ForwardPlus */,
				AE9808DE285B16FC005411C7 /* TabPageScrollViewController */,
				AE9808B9285B0F0B005411C7 /* ForwardPlusTests */,
				AE9808C3285B0F0B005411C7 /* ForwardPlusUITests */,
				AE9808A1285B0F06005411C7 /* Products */,
				16EE36FD8792384A96FA8618 /* Pods */,
				0D1E225B092FC8C818729D79 /* Frameworks */,
			);
			sourceTree = "<group>";
		};
		AE9808A1285B0F06005411C7 /* Products */ = {
			isa = PBXGroup;
			children = (
				AE9808A0285B0F06005411C7 /* ForwardPlus.app */,
				AE9808B6285B0F0B005411C7 /* ForwardPlusTests.xctest */,
				AE9808C0285B0F0B005411C7 /* ForwardPlusUITests.xctest */,
			);
			name = Products;
			sourceTree = "<group>";
		};
		AE9808A2285B0F06005411C7 /* ForwardPlus */ = {
			isa = PBXGroup;
			children = (
				AE9808A3285B0F06005411C7 /* AppDelegate.swift */,
				AE9808A5285B0F06005411C7 /* SceneDelegate.swift */,
				AE9808A9285B0F06005411C7 /* Main.storyboard */,
				AE9808A7285B0F06005411C7 /* ViewController1.swift */,
				AE9808F3285B2200005411C7 /* ViewController2.swift */,
				AE9808F5285B2213005411C7 /* ViewController3.swift */,
				AE9808D3285B13B9005411C7 /* RootViewController.swift */,
				AE9808AC285B0F0A005411C7 /* Assets.xcassets */,
				AE9808AE285B0F0A005411C7 /* LaunchScreen.storyboard */,
				AE9808B1285B0F0A005411C7 /* Info.plist */,
				AE9808D5285B14D7005411C7 /* Cell */,
			);
			path = ForwardPlus;
			sourceTree = "<group>";
		};
		AE9808B9285B0F0B005411C7 /* ForwardPlusTests */ = {
			isa = PBXGroup;
			children = (
				AE9808BA285B0F0B005411C7 /* ForwardPlusTests.swift */,
			);
			path = ForwardPlusTests;
			sourceTree = "<group>";
		};
		AE9808C3285B0F0B005411C7 /* ForwardPlusUITests */ = {
			isa = PBXGroup;
			children = (
				AE9808C4285B0F0B005411C7 /* ForwardPlusUITests.swift */,
				AE9808C6285B0F0B005411C7 /* ForwardPlusUITestsLaunchTests.swift */,
			);
			path = ForwardPlusUITests;
			sourceTree = "<group>";
		};
		AE9808D5285B14D7005411C7 /* Cell */ = {
			isa = PBXGroup;
			children = (
				AE9808D6285B153B005411C7 /* CategoryCell.swift */,
				AE9808D8285B155C005411C7 /* CategoryCell.xib */,
			);
			path = Cell;
			sourceTree = "<group>";
		};
		AE9808DE285B16FC005411C7 /* TabPageScrollViewController */ = {
			isa = PBXGroup;
			children = (
				AE9808DF285B17A3005411C7 /* CategoryView.swift */,
				AE9808EE285B186A005411C7 /* PageViewController.swift */,
				AE9808F1285B1885005411C7 /* TabPageScrollViewController.h */,
				AE9808F0285B1885005411C7 /* TabPageViewController.swift */,
				AE9808E3285B1817005411C7 /* Model */,
			);
			path = TabPageScrollViewController;
			sourceTree = "<group>";
		};
		AE9808E3285B1817005411C7 /* Model */ = {
			isa = PBXGroup;
			children = (
				AE9808E8285B1825005411C7 /* Emurate.swift */,
				AE9808E6285B1825005411C7 /* Filtering.swift */,
				AE9808E5285B1825005411C7 /* PageModel.swift */,
				AE9808E7285B1825005411C7 /* String+.swift */,
				AE9808E4285B1824005411C7 /* TabPageObserver.swift */,
			);
			path = Model;
			sourceTree = "<group>";
		};
/* End PBXGroup section */

/* Begin PBXNativeTarget section */
		AE98089F285B0F06005411C7 /* ForwardPlus */ = {
			isa = PBXNativeTarget;
			buildConfigurationList = AE9808CA285B0F0B005411C7 /* Build configuration list for PBXNativeTarget "ForwardPlus" */;
			buildPhases = (
				61883368AB2C84C82A660466 /* [CP] Check Pods Manifest.lock */,
				AE98089C285B0F06005411C7 /* Sources */,
				AE98089D285B0F06005411C7 /* Frameworks */,
				AE98089E285B0F06005411C7 /* Resources */,
				451A2ECF9A32D9B4AC18E53C /* [CP] Embed Pods Frameworks */,
			);
			buildRules = (
			);
			dependencies = (
			);
			name = ForwardPlus;
			productName = ForwardPlus;
			productReference = AE9808A0285B0F06005411C7 /* ForwardPlus.app */;
			productType = "com.apple.product-type.application";
		};
		AE9808B5285B0F0B005411C7 /* ForwardPlusTests */ = {
			isa = PBXNativeTarget;
			buildConfigurationList = AE9808CD285B0F0B005411C7 /* Build configuration list for PBXNativeTarget "ForwardPlusTests" */;
			buildPhases = (
				B951BEDB4C70AC73B8CE3684 /* [CP] Check Pods Manifest.lock */,
				AE9808B2285B0F0B005411C7 /* Sources */,
				AE9808B3285B0F0B005411C7 /* Frameworks */,
				AE9808B4285B0F0B005411C7 /* Resources */,
			);
			buildRules = (
			);
			dependencies = (
				AE9808B8285B0F0B005411C7 /* PBXTargetDependency */,
			);
			name = ForwardPlusTests;
			productName = ForwardPlusTests;
			productReference = AE9808B6285B0F0B005411C7 /* ForwardPlusTests.xctest */;
			productType = "com.apple.product-type.bundle.unit-test";
		};
		AE9808BF285B0F0B005411C7 /* ForwardPlusUITests */ = {
			isa = PBXNativeTarget;
			buildConfigurationList = AE9808D0285B0F0B005411C7 /* Build configuration list for PBXNativeTarget "ForwardPlusUITests" */;
			buildPhases = (
				1D6CA7090419EF10BA619A79 /* [CP] Check Pods Manifest.lock */,
				AE9808BC285B0F0B005411C7 /* Sources */,
				AE9808BD285B0F0B005411C7 /* Frameworks */,
				AE9808BE285B0F0B005411C7 /* Resources */,
				1A33499736C729A21A3E38A7 /* [CP] Embed Pods Frameworks */,
			);
			buildRules = (
			);
			dependencies = (
				AE9808C2285B0F0B005411C7 /* PBXTargetDependency */,
			);
			name = ForwardPlusUITests;
			productName = ForwardPlusUITests;
			productReference = AE9808C0285B0F0B005411C7 /* ForwardPlusUITests.xctest */;
			productType = "com.apple.product-type.bundle.ui-testing";
		};
/* End PBXNativeTarget section */

/* Begin PBXProject section */
		AE980898285B0F06005411C7 /* Project object */ = {
			isa = PBXProject;
			attributes = {
				BuildIndependentTargetsInParallel = 1;
				LastSwiftUpdateCheck = 1330;
				LastUpgradeCheck = 1330;
				TargetAttributes = {
					AE98089F285B0F06005411C7 = {
						CreatedOnToolsVersion = 13.3;
					};
					AE9808B5285B0F0B005411C7 = {
						CreatedOnToolsVersion = 13.3;
						TestTargetID = AE98089F285B0F06005411C7;
					};
					AE9808BF285B0F0B005411C7 = {
						CreatedOnToolsVersion = 13.3;
						TestTargetID = AE98089F285B0F06005411C7;
					};
				};
			};
			buildConfigurationList = AE98089B285B0F06005411C7 /* Build configuration list for PBXProject "ForwardPlus" */;
			compatibilityVersion = "Xcode 13.0";
			developmentRegion = en;
			hasScannedForEncodings = 0;
			knownRegions = (
				en,
				Base,
			);
			mainGroup = AE980897285B0F06005411C7;
			productRefGroup = AE9808A1285B0F06005411C7 /* Products */;
			projectDirPath = "";
			projectRoot = "";
			targets = (
				AE98089F285B0F06005411C7 /* ForwardPlus */,
				AE9808B5285B0F0B005411C7 /* ForwardPlusTests */,
				AE9808BF285B0F0B005411C7 /* ForwardPlusUITests */,
			);
		};
/* End PBXProject section */

/* Begin PBXResourcesBuildPhase section */
		AE98089E285B0F06005411C7 /* Resources */ = {
			isa = PBXResourcesBuildPhase;
			buildActionMask = 2147483647;
			files = (
				AE9808B0285B0F0A005411C7 /* LaunchScreen.storyboard in Resources */,
				AE9808AD285B0F0A005411C7 /* Assets.xcassets in Resources */,
				AE9808AB285B0F06005411C7 /* Main.storyboard in Resources */,
				AE9808D9285B155C005411C7 /* CategoryCell.xib in Resources */,
			);
			runOnlyForDeploymentPostprocessing = 0;
		};
		AE9808B4285B0F0B005411C7 /* Resources */ = {
			isa = PBXResourcesBuildPhase;
			buildActionMask = 2147483647;
			files = (
			);
			runOnlyForDeploymentPostprocessing = 0;
		};
		AE9808BE285B0F0B005411C7 /* Resources */ = {
			isa = PBXResourcesBuildPhase;
			buildActionMask = 2147483647;
			files = (
			);
			runOnlyForDeploymentPostprocessing = 0;
		};
/* End PBXResourcesBuildPhase section */

/* Begin PBXShellScriptBuildPhase section */
		1A33499736C729A21A3E38A7 /* [CP] Embed Pods Frameworks */ = {
			isa = PBXShellScriptBuildPhase;
			buildActionMask = 2147483647;
			files = (
			);
			inputFileListPaths = (
				"${PODS_ROOT}/Target Support Files/Pods-ForwardPlus-ForwardPlusUITests/Pods-ForwardPlus-ForwardPlusUITests-frameworks-${CONFIGURATION}-input-files.xcfilelist",
			);
			name = "[CP] Embed Pods Frameworks";
			outputFileListPaths = (
				"${PODS_ROOT}/Target Support Files/Pods-ForwardPlus-ForwardPlusUITests/Pods-ForwardPlus-ForwardPlusUITests-frameworks-${CONFIGURATION}-output-files.xcfilelist",
			);
			runOnlyForDeploymentPostprocessing = 0;
			shellPath = /bin/sh;
			shellScript = "\"${PODS_ROOT}/Target Support Files/Pods-ForwardPlus-ForwardPlusUITests/Pods-ForwardPlus-ForwardPlusUITests-frameworks.sh\"\n";
			showEnvVarsInLog = 0;
		};
		1D6CA7090419EF10BA619A79 /* [CP] Check Pods Manifest.lock */ = {
			isa = PBXShellScriptBuildPhase;
			buildActionMask = 2147483647;
			files = (
			);
			inputFileListPaths = (
			);
			inputPaths = (
				"${PODS_PODFILE_DIR_PATH}/Podfile.lock",
				"${PODS_ROOT}/Manifest.lock",
			);
			name = "[CP] Check Pods Manifest.lock";
			outputFileListPaths = (
			);
			outputPaths = (
				"$(DERIVED_FILE_DIR)/Pods-ForwardPlus-ForwardPlusUITests-checkManifestLockResult.txt",
			);
			runOnlyForDeploymentPostprocessing = 0;
			shellPath = /bin/sh;
			shellScript = "diff \"${PODS_PODFILE_DIR_PATH}/Podfile.lock\" \"${PODS_ROOT}/Manifest.lock\" > /dev/null\nif [ $? != 0 ] ; then\n    # print error to STDERR\n    echo \"error: The sandbox is not in sync with the Podfile.lock. Run 'pod install' or update your CocoaPods installation.\" >&2\n    exit 1\nfi\n# This output is used by Xcode 'outputs' to avoid re-running this script phase.\necho \"SUCCESS\" > \"${SCRIPT_OUTPUT_FILE_0}\"\n";
			showEnvVarsInLog = 0;
		};
		451A2ECF9A32D9B4AC18E53C /* [CP] Embed Pods Frameworks */ = {
			isa = PBXShellScriptBuildPhase;
			buildActionMask = 2147483647;
			files = (
			);
			inputFileListPaths = (
				"${PODS_ROOT}/Target Support Files/Pods-ForwardPlus/Pods-ForwardPlus-frameworks-${CONFIGURATION}-input-files.xcfilelist",
			);
			name = "[CP] Embed Pods Frameworks";
			outputFileListPaths = (
				"${PODS_ROOT}/Target Support Files/Pods-ForwardPlus/Pods-ForwardPlus-frameworks-${CONFIGURATION}-output-files.xcfilelist",
			);
			runOnlyForDeploymentPostprocessing = 0;
			shellPath = /bin/sh;
			shellScript = "\"${PODS_ROOT}/Target Support Files/Pods-ForwardPlus/Pods-ForwardPlus-frameworks.sh\"\n";
			showEnvVarsInLog = 0;
		};
		61883368AB2C84C82A660466 /* [CP] Check Pods Manifest.lock */ = {
			isa = PBXShellScriptBuildPhase;
			buildActionMask = 2147483647;
			files = (
			);
			inputFileListPaths = (
			);
			inputPaths = (
				"${PODS_PODFILE_DIR_PATH}/Podfile.lock",
				"${PODS_ROOT}/Manifest.lock",
			);
			name = "[CP] Check Pods Manifest.lock";
			outputFileListPaths = (
			);
			outputPaths = (
				"$(DERIVED_FILE_DIR)/Pods-ForwardPlus-checkManifestLockResult.txt",
			);
			runOnlyForDeploymentPostprocessing = 0;
			shellPath = /bin/sh;
			shellScript = "diff \"${PODS_PODFILE_DIR_PATH}/Podfile.lock\" \"${PODS_ROOT}/Manifest.lock\" > /dev/null\nif [ $? != 0 ] ; then\n    # print error to STDERR\n    echo \"error: The sandbox is not in sync with the Podfile.lock. Run 'pod install' or update your CocoaPods installation.\" >&2\n    exit 1\nfi\n# This output is used by Xcode 'outputs' to avoid re-running this script phase.\necho \"SUCCESS\" > \"${SCRIPT_OUTPUT_FILE_0}\"\n";
			showEnvVarsInLog = 0;
		};
		B951BEDB4C70AC73B8CE3684 /* [CP] Check Pods Manifest.lock */ = {
			isa = PBXShellScriptBuildPhase;
			buildActionMask = 2147483647;
			files = (
			);
			inputFileListPaths = (
			);
			inputPaths = (
				"${PODS_PODFILE_DIR_PATH}/Podfile.lock",
				"${PODS_ROOT}/Manifest.lock",
			);
			name = "[CP] Check Pods Manifest.lock";
			outputFileListPaths = (
			);
			outputPaths = (
				"$(DERIVED_FILE_DIR)/Pods-ForwardPlusTests-checkManifestLockResult.txt",
			);
			runOnlyForDeploymentPostprocessing = 0;
			shellPath = /bin/sh;
			shellScript = "diff \"${PODS_PODFILE_DIR_PATH}/Podfile.lock\" \"${PODS_ROOT}/Manifest.lock\" > /dev/null\nif [ $? != 0 ] ; then\n    # print error to STDERR\n    echo \"error: The sandbox is not in sync with the Podfile.lock. Run 'pod install' or update your CocoaPods installation.\" >&2\n    exit 1\nfi\n# This output is used by Xcode 'outputs' to avoid re-running this script phase.\necho \"SUCCESS\" > \"${SCRIPT_OUTPUT_FILE_0}\"\n";
			showEnvVarsInLog = 0;
		};
/* End PBXShellScriptBuildPhase section */

/* Begin PBXSourcesBuildPhase section */
		AE98089C285B0F06005411C7 /* Sources */ = {
			isa = PBXSourcesBuildPhase;
			buildActionMask = 2147483647;
			files = (
				AE9808EA285B1825005411C7 /* PageModel.swift in Sources */,
				AE9808E9285B1825005411C7 /* TabPageObserver.swift in Sources */,
				AE9808EC285B1825005411C7 /* String+.swift in Sources */,
				AE9808EF285B186A005411C7 /* PageViewController.swift in Sources */,
				AE9808A8285B0F06005411C7 /* ViewController1.swift in Sources */,
				AE9808F6285B2213005411C7 /* ViewController3.swift in Sources */,
				AE9808A4285B0F06005411C7 /* AppDelegate.swift in Sources */,
				AE9808EB285B1825005411C7 /* Filtering.swift in Sources */,
				AE9808F4285B2200005411C7 /* ViewController2.swift in Sources */,
				AE9808ED285B1825005411C7 /* Emurate.swift in Sources */,
				AE9808E0285B17A3005411C7 /* CategoryView.swift in Sources */,
				AE9808F2285B1885005411C7 /* TabPageViewController.swift in Sources */,
				AE9808D4285B13B9005411C7 /* RootViewController.swift in Sources */,
				AE9808A6285B0F06005411C7 /* SceneDelegate.swift in Sources */,
				AE9808D7285B153B005411C7 /* CategoryCell.swift in Sources */,
			);
			runOnlyForDeploymentPostprocessing = 0;
		};
		AE9808B2285B0F0B005411C7 /* Sources */ = {
			isa = PBXSourcesBuildPhase;
			buildActionMask = 2147483647;
			files = (
				AE9808BB285B0F0B005411C7 /* ForwardPlusTests.swift in Sources */,
			);
			runOnlyForDeploymentPostprocessing = 0;
		};
		AE9808BC285B0F0B005411C7 /* Sources */ = {
			isa = PBXSourcesBuildPhase;
			buildActionMask = 2147483647;
			files = (
				AE9808C7285B0F0B005411C7 /* ForwardPlusUITestsLaunchTests.swift in Sources */,
				AE9808C5285B0F0B005411C7 /* ForwardPlusUITests.swift in Sources */,
			);
			runOnlyForDeploymentPostprocessing = 0;
		};
/* End PBXSourcesBuildPhase section */

/* Begin PBXTargetDependency section */
		AE9808B8285B0F0B005411C7 /* PBXTargetDependency */ = {
			isa = PBXTargetDependency;
			target = AE98089F285B0F06005411C7 /* ForwardPlus */;
			targetProxy = AE9808B7285B0F0B005411C7 /* PBXContainerItemProxy */;
		};
		AE9808C2285B0F0B005411C7 /* PBXTargetDependency */ = {
			isa = PBXTargetDependency;
			target = AE98089F285B0F06005411C7 /* ForwardPlus */;
			targetProxy = AE9808C1285B0F0B005411C7 /* PBXContainerItemProxy */;
		};
/* End PBXTargetDependency section */

/* Begin PBXVariantGroup section */
		AE9808A9285B0F06005411C7 /* Main.storyboard */ = {
			isa = PBXVariantGroup;
			children = (
				AE9808AA285B0F06005411C7 /* Base */,
			);
			name = Main.storyboard;
			sourceTree = "<group>";
		};
		AE9808AE285B0F0A005411C7 /* LaunchScreen.storyboard */ = {
			isa = PBXVariantGroup;
			children = (
				AE9808AF285B0F0A005411C7 /* Base */,
			);
			name = LaunchScreen.storyboard;
			sourceTree = "<group>";
		};
/* End PBXVariantGroup section */

/* Begin XCBuildConfiguration section */
		AE9808C8285B0F0B005411C7 /* Debug */ = {
			isa = XCBuildConfiguration;
			buildSettings = {
				ALWAYS_SEARCH_USER_PATHS = NO;
				CLANG_ANALYZER_NONNULL = YES;
				CLANG_ANALYZER_NUMBER_OBJECT_CONVERSION = YES_AGGRESSIVE;
				CLANG_CXX_LANGUAGE_STANDARD = "gnu++17";
				CLANG_ENABLE_MODULES = YES;
				CLANG_ENABLE_OBJC_ARC = YES;
				CLANG_ENABLE_OBJC_WEAK = YES;
				CLANG_WARN_BLOCK_CAPTURE_AUTORELEASING = YES;
				CLANG_WARN_BOOL_CONVERSION = YES;
				CLANG_WARN_COMMA = YES;
				CLANG_WARN_CONSTANT_CONVERSION = YES;
				CLANG_WARN_DEPRECATED_OBJC_IMPLEMENTATIONS = YES;
				CLANG_WARN_DIRECT_OBJC_ISA_USAGE = YES_ERROR;
				CLANG_WARN_DOCUMENTATION_COMMENTS = YES;
				CLANG_WARN_EMPTY_BODY = YES;
				CLANG_WARN_ENUM_CONVERSION = YES;
				CLANG_WARN_INFINITE_RECURSION = YES;
				CLANG_WARN_INT_CONVERSION = YES;
				CLANG_WARN_NON_LITERAL_NULL_CONVERSION = YES;
				CLANG_WARN_OBJC_IMPLICIT_RETAIN_SELF = YES;
				CLANG_WARN_OBJC_LITERAL_CONVERSION = YES;
				CLANG_WARN_OBJC_ROOT_CLASS = YES_ERROR;
				CLANG_WARN_QUOTED_INCLUDE_IN_FRAMEWORK_HEADER = YES;
				CLANG_WARN_RANGE_LOOP_ANALYSIS = YES;
				CLANG_WARN_STRICT_PROTOTYPES = YES;
				CLANG_WARN_SUSPICIOUS_MOVE = YES;
				CLANG_WARN_UNGUARDED_AVAILABILITY = YES_AGGRESSIVE;
				CLANG_WARN_UNREACHABLE_CODE = YES;
				CLANG_WARN__DUPLICATE_METHOD_MATCH = YES;
				COPY_PHASE_STRIP = NO;
				DEBUG_INFORMATION_FORMAT = dwarf;
				ENABLE_STRICT_OBJC_MSGSEND = YES;
				ENABLE_TESTABILITY = YES;
				GCC_C_LANGUAGE_STANDARD = gnu11;
				GCC_DYNAMIC_NO_PIC = NO;
				GCC_NO_COMMON_BLOCKS = YES;
				GCC_OPTIMIZATION_LEVEL = 0;
				GCC_PREPROCESSOR_DEFINITIONS = (
					"DEBUG=1",
					"$(inherited)",
				);
				GCC_WARN_64_TO_32_BIT_CONVERSION = YES;
				GCC_WARN_ABOUT_RETURN_TYPE = YES_ERROR;
				GCC_WARN_UNDECLARED_SELECTOR = YES;
				GCC_WARN_UNINITIALIZED_AUTOS = YES_AGGRESSIVE;
				GCC_WARN_UNUSED_FUNCTION = YES;
				GCC_WARN_UNUSED_VARIABLE = YES;
				IPHONEOS_DEPLOYMENT_TARGET = 15.4;
				MTL_ENABLE_DEBUG_INFO = INCLUDE_SOURCE;
				MTL_FAST_MATH = YES;
				ONLY_ACTIVE_ARCH = YES;
				SDKROOT = iphoneos;
				SWIFT_ACTIVE_COMPILATION_CONDITIONS = DEBUG;
				SWIFT_OPTIMIZATION_LEVEL = "-Onone";
			};
			name = Debug;
		};
		AE9808C9285B0F0B005411C7 /* Release */ = {
			isa = XCBuildConfiguration;
			buildSettings = {
				ALWAYS_SEARCH_USER_PATHS = NO;
				CLANG_ANALYZER_NONNULL = YES;
				CLANG_ANALYZER_NUMBER_OBJECT_CONVERSION = YES_AGGRESSIVE;
				CLANG_CXX_LANGUAGE_STANDARD = "gnu++17";
				CLANG_ENABLE_MODULES = YES;
				CLANG_ENABLE_OBJC_ARC = YES;
				CLANG_ENABLE_OBJC_WEAK = YES;
				CLANG_WARN_BLOCK_CAPTURE_AUTORELEASING = YES;
				CLANG_WARN_BOOL_CONVERSION = YES;
				CLANG_WARN_COMMA = YES;
				CLANG_WARN_CONSTANT_CONVERSION = YES;
				CLANG_WARN_DEPRECATED_OBJC_IMPLEMENTATIONS = YES;
				CLANG_WARN_DIRECT_OBJC_ISA_USAGE = YES_ERROR;
				CLANG_WARN_DOCUMENTATION_COMMENTS = YES;
				CLANG_WARN_EMPTY_BODY = YES;
				CLANG_WARN_ENUM_CONVERSION = YES;
				CLANG_WARN_INFINITE_RECURSION = YES;
				CLANG_WARN_INT_CONVERSION = YES;
				CLANG_WARN_NON_LITERAL_NULL_CONVERSION = YES;
				CLANG_WARN_OBJC_IMPLICIT_RETAIN_SELF = YES;
				CLANG_WARN_OBJC_LITERAL_CONVERSION = YES;
				CLANG_WARN_OBJC_ROOT_CLASS = YES_ERROR;
				CLANG_WARN_QUOTED_INCLUDE_IN_FRAMEWORK_HEADER = YES;
				CLANG_WARN_RANGE_LOOP_ANALYSIS = YES;
				CLANG_WARN_STRICT_PROTOTYPES = YES;
				CLANG_WARN_SUSPICIOUS_MOVE = YES;
				CLANG_WARN_UNGUARDED_AVAILABILITY = YES_AGGRESSIVE;
				CLANG_WARN_UNREACHABLE_CODE = YES;
				CLANG_WARN__DUPLICATE_METHOD_MATCH = YES;
				COPY_PHASE_STRIP = NO;
				DEBUG_INFORMATION_FORMAT = "dwarf-with-dsym";
				ENABLE_NS_ASSERTIONS = NO;
				ENABLE_STRICT_OBJC_MSGSEND = YES;
				GCC_C_LANGUAGE_STANDARD = gnu11;
				GCC_NO_COMMON_BLOCKS = YES;
				GCC_WARN_64_TO_32_BIT_CONVERSION = YES;
				GCC_WARN_ABOUT_RETURN_TYPE = YES_ERROR;
				GCC_WARN_UNDECLARED_SELECTOR = YES;
				GCC_WARN_UNINITIALIZED_AUTOS = YES_AGGRESSIVE;
				GCC_WARN_UNUSED_FUNCTION = YES;
				GCC_WARN_UNUSED_VARIABLE = YES;
				IPHONEOS_DEPLOYMENT_TARGET = 15.4;
				MTL_ENABLE_DEBUG_INFO = NO;
				MTL_FAST_MATH = YES;
				SDKROOT = iphoneos;
				SWIFT_COMPILATION_MODE = wholemodule;
				SWIFT_OPTIMIZATION_LEVEL = "-O";
				VALIDATE_PRODUCT = YES;
			};
			name = Release;
		};
		AE9808CB285B0F0B005411C7 /* Debug */ = {
			isa = XCBuildConfiguration;
			baseConfigurationReference = 076E74BB7D6040962DE64428 /* Pods-ForwardPlus.debug.xcconfig */;
			buildSettings = {
				ASSETCATALOG_COMPILER_APPICON_NAME = AppIcon;
				ASSETCATALOG_COMPILER_GLOBAL_ACCENT_COLOR_NAME = AccentColor;
				CODE_SIGN_STYLE = Automatic;
				CURRENT_PROJECT_VERSION = 1;
				DEVELOPMENT_TEAM = SC862SLTU9;
				GENERATE_INFOPLIST_FILE = YES;
				INFOPLIST_FILE = ForwardPlus/Info.plist;
				INFOPLIST_KEY_UIApplicationSupportsIndirectInputEvents = YES;
				INFOPLIST_KEY_UILaunchStoryboardName = LaunchScreen;
				INFOPLIST_KEY_UIMainStoryboardFile = Main;
				INFOPLIST_KEY_UISupportedInterfaceOrientations_iPad = "UIInterfaceOrientationPortrait UIInterfaceOrientationPortraitUpsideDown UIInterfaceOrientationLandscapeLeft UIInterfaceOrientationLandscapeRight";
				INFOPLIST_KEY_UISupportedInterfaceOrientations_iPhone = "UIInterfaceOrientationPortrait UIInterfaceOrientationLandscapeLeft UIInterfaceOrientationLandscapeRight";
				LD_RUNPATH_SEARCH_PATHS = (
					"$(inherited)",
					"@executable_path/Frameworks",
				);
				MARKETING_VERSION = 1.0;
				PRODUCT_BUNDLE_IDENTIFIER = StephaneTrouve.ForwardPlus;
				PRODUCT_NAME = "$(TARGET_NAME)";
				SWIFT_EMIT_LOC_STRINGS = YES;
				SWIFT_VERSION = 5.0;
				TARGETED_DEVICE_FAMILY = "1,2";
			};
			name = Debug;
		};
		AE9808CC285B0F0B005411C7 /* Release */ = {
			isa = XCBuildConfiguration;
			baseConfigurationReference = 1A33763F13FAD5220EF6D20C /* Pods-ForwardPlus.release.xcconfig */;
			buildSettings = {
				ASSETCATALOG_COMPILER_APPICON_NAME = AppIcon;
				ASSETCATALOG_COMPILER_GLOBAL_ACCENT_COLOR_NAME = AccentColor;
				CODE_SIGN_STYLE = Automatic;
				CURRENT_PROJECT_VERSION = 1;
				DEVELOPMENT_TEAM = SC862SLTU9;
				GENERATE_INFOPLIST_FILE = YES;
				INFOPLIST_FILE = ForwardPlus/Info.plist;
				INFOPLIST_KEY_UIApplicationSupportsIndirectInputEvents = YES;
				INFOPLIST_KEY_UILaunchStoryboardName = LaunchScreen;
				INFOPLIST_KEY_UIMainStoryboardFile = Main;
				INFOPLIST_KEY_UISupportedInterfaceOrientations_iPad = "UIInterfaceOrientationPortrait UIInterfaceOrientationPortraitUpsideDown UIInterfaceOrientationLandscapeLeft UIInterfaceOrientationLandscapeRight";
				INFOPLIST_KEY_UISupportedInterfaceOrientations_iPhone = "UIInterfaceOrientationPortrait UIInterfaceOrientationLandscapeLeft UIInterfaceOrientationLandscapeRight";
				LD_RUNPATH_SEARCH_PATHS = (
					"$(inherited)",
					"@executable_path/Frameworks",
				);
				MARKETING_VERSION = 1.0;
				PRODUCT_BUNDLE_IDENTIFIER = StephaneTrouve.ForwardPlus;
				PRODUCT_NAME = "$(TARGET_NAME)";
				SWIFT_EMIT_LOC_STRINGS = YES;
				SWIFT_VERSION = 5.0;
				TARGETED_DEVICE_FAMILY = "1,2";
			};
			name = Release;
		};
		AE9808CE285B0F0B005411C7 /* Debug */ = {
			isa = XCBuildConfiguration;
			baseConfigurationReference = 7800C0C9B28D6168E2849397 /* Pods-ForwardPlusTests.debug.xcconfig */;
			buildSettings = {
				ALWAYS_EMBED_SWIFT_STANDARD_LIBRARIES = YES;
				BUNDLE_LOADER = "$(TEST_HOST)";
				CODE_SIGN_STYLE = Automatic;
				CURRENT_PROJECT_VERSION = 1;
				DEVELOPMENT_TEAM = SC862SLTU9;
				GENERATE_INFOPLIST_FILE = YES;
				IPHONEOS_DEPLOYMENT_TARGET = 15.4;
				MARKETING_VERSION = 1.0;
				PRODUCT_BUNDLE_IDENTIFIER = StephaneTrouve.ForwardPlusTests;
				PRODUCT_NAME = "$(TARGET_NAME)";
				SWIFT_EMIT_LOC_STRINGS = NO;
				SWIFT_VERSION = 5.0;
				TARGETED_DEVICE_FAMILY = "1,2";
				TEST_HOST = "$(BUILT_PRODUCTS_DIR)/ForwardPlus.app/ForwardPlus";
			};
			name = Debug;
		};
		AE9808CF285B0F0B005411C7 /* Release */ = {
			isa = XCBuildConfiguration;
			baseConfigurationReference = 40F94058CE09E23CDB0F2A69 /* Pods-ForwardPlusTests.release.xcconfig */;
			buildSettings = {
				ALWAYS_EMBED_SWIFT_STANDARD_LIBRARIES = YES;
				BUNDLE_LOADER = "$(TEST_HOST)";
				CODE_SIGN_STYLE = Automatic;
				CURRENT_PROJECT_VERSION = 1;
				DEVELOPMENT_TEAM = SC862SLTU9;
				GENERATE_INFOPLIST_FILE = YES;
				IPHONEOS_DEPLOYMENT_TARGET = 15.4;
				MARKETING_VERSION = 1.0;
				PRODUCT_BUNDLE_IDENTIFIER = StephaneTrouve.ForwardPlusTests;
				PRODUCT_NAME = "$(TARGET_NAME)";
				SWIFT_EMIT_LOC_STRINGS = NO;
				SWIFT_VERSION = 5.0;
				TARGETED_DEVICE_FAMILY = "1,2";
				TEST_HOST = "$(BUILT_PRODUCTS_DIR)/ForwardPlus.app/ForwardPlus";
			};
			name = Release;
		};
		AE9808D1285B0F0B005411C7 /* Debug */ = {
			isa = XCBuildConfiguration;
			baseConfigurationReference = FAF35CC1FADB4C0C39C45202 /* Pods-ForwardPlus-ForwardPlusUITests.debug.xcconfig */;
			buildSettings = {
				ALWAYS_EMBED_SWIFT_STANDARD_LIBRARIES = YES;
				CODE_SIGN_STYLE = Automatic;
				CURRENT_PROJECT_VERSION = 1;
				DEVELOPMENT_TEAM = SC862SLTU9;
				GENERATE_INFOPLIST_FILE = YES;
				MARKETING_VERSION = 1.0;
				PRODUCT_BUNDLE_IDENTIFIER = StephaneTrouve.ForwardPlusUITests;
				PRODUCT_NAME = "$(TARGET_NAME)";
				SWIFT_EMIT_LOC_STRINGS = NO;
				SWIFT_VERSION = 5.0;
				TARGETED_DEVICE_FAMILY = "1,2";
				TEST_TARGET_NAME = ForwardPlus;
			};
			name = Debug;
		};
		AE9808D2285B0F0B005411C7 /* Release */ = {
			isa = XCBuildConfiguration;
			baseConfigurationReference = 487A9548D38EC76141A4AD1B /* Pods-ForwardPlus-ForwardPlusUITests.release.xcconfig */;
			buildSettings = {
				ALWAYS_EMBED_SWIFT_STANDARD_LIBRARIES = YES;
				CODE_SIGN_STYLE = Automatic;
				CURRENT_PROJECT_VERSION = 1;
				DEVELOPMENT_TEAM = SC862SLTU9;
				GENERATE_INFOPLIST_FILE = YES;
				MARKETING_VERSION = 1.0;
				PRODUCT_BUNDLE_IDENTIFIER = StephaneTrouve.ForwardPlusUITests;
				PRODUCT_NAME = "$(TARGET_NAME)";
				SWIFT_EMIT_LOC_STRINGS = NO;
				SWIFT_VERSION = 5.0;
				TARGETED_DEVICE_FAMILY = "1,2";
				TEST_TARGET_NAME = ForwardPlus;
			};
			name = Release;
		};
/* End XCBuildConfiguration section */

/* Begin XCConfigurationList section */
		AE98089B285B0F06005411C7 /* Build configuration list for PBXProject "ForwardPlus" */ = {
			isa = XCConfigurationList;
			buildConfigurations = (
				AE9808C8285B0F0B005411C7 /* Debug */,
				AE9808C9285B0F0B005411C7 /* Release */,
			);
			defaultConfigurationIsVisible = 0;
			defaultConfigurationName = Release;
		};
		AE9808CA285B0F0B005411C7 /* Build configuration list for PBXNativeTarget "ForwardPlus" */ = {
			isa = XCConfigurationList;
			buildConfigurations = (
				AE9808CB285B0F0B005411C7 /* Debug */,
				AE9808CC285B0F0B005411C7 /* Release */,
			);
			defaultConfigurationIsVisible = 0;
			defaultConfigurationName = Release;
		};
		AE9808CD285B0F0B005411C7 /* Build configuration list for PBXNativeTarget "ForwardPlusTests" */ = {
			isa = XCConfigurationList;
			buildConfigurations = (
				AE9808CE285B0F0B005411C7 /* Debug */,
				AE9808CF285B0F0B005411C7 /* Release */,
			);
			defaultConfigurationIsVisible = 0;
			defaultConfigurationName = Release;
		};
		AE9808D0285B0F0B005411C7 /* Build configuration list for PBXNativeTarget "ForwardPlusUITests" */ = {
			isa = XCConfigurationList;
			buildConfigurations = (
				AE9808D1285B0F0B005411C7 /* Debug */,
				AE9808D2285B0F0B005411C7 /* Release */,
			);
			defaultConfigurationIsVisible = 0;
			defaultConfigurationName = Release;
		};
/* End XCConfigurationList section */
	};
	rootObject = AE980898285B0F06005411C7 /* Project object */;
}
